
Microsoft Visual Studio Solution File, Format Version 12.00
# Visual Studio 15
VisualStudioVersion = 15.0.26403.7
MinimumVisualStudioVersion = 10.0.40219.1
Project("{F184B08F-C81C-45F6-A57F-5ABD9991F28F}") = "FacturaElectronicaCR_VB", "FacturaElectronicaCR_VB\FacturaElectronicaCR_VB.vbproj", "{AA121E13-C8D8-47F7-970C-C1C0D1B32934}"
EndProject
Project("{FAE04EC0-301F-11D3-BF4B-00C04F79EFBC}") = "FacturaElectronicaCR_CS", "FacturaElectronicaCR_CS\FacturaElectronicaCR_CS.csproj", "{AFA0696F-555B-4459-BEC8-E98F2CAD9076}"
EndProject
Global
	GlobalSection(SolutionConfigurationPlatforms) = preSolution
		Debug|Any CPU = Debug|Any CPU
		Release|Any CPU = Release|Any CPU
	EndGlobalSection
	GlobalSection(ProjectConfigurationPlatforms) = postSolution
		{AA121E13-C8D8-47F7-970C-C1C0D1B32934}.Debug|Any CPU.ActiveCfg = Debug|Any CPU
		{AA121E13-C8D8-47F7-970C-C1C0D1B32934}.Debug|Any CPU.Build.0 = Debug|Any CPU
		{AA121E13-C8D8-47F7-970C-C1C0D1B32934}.Release|Any CPU.ActiveCfg = Release|Any CPU
		{AA121E13-C8D8-47F7-970C-C1C0D1B32934}.Release|Any CPU.Build.0 = Release|Any CPU
		{AFA0696F-555B-4459-BEC8-E98F2CAD9076}.Debug|Any CPU.ActiveCfg = Debug|Any CPU
		{AFA0696F-555B-4459-BEC8-E98F2CAD9076}.Debug|Any CPU.Build.0 = Debug|Any CPU
		{AFA0696F-555B-4459-BEC8-E98F2CAD9076}.Release|Any CPU.ActiveCfg = Release|Any CPU
		{AFA0696F-555B-4459-BEC8-E98F2CAD9076}.Release|Any CPU.Build.0 = Release|Any CPU
	EndGlobalSection
	GlobalSection(SolutionProperties) = preSolution
		HideSolutionNode = FALSE
	EndGlobalSection
EndGlobal
